// !$*UTF8*$!
{
	archiveVersion = 1;
	classes = {
	};
	objectVersion = 46;
	objects = {

/* Begin PBXBuildFile section */
		547864FD1E5849A7003A4CF4 /* GoogleService-Info.plist in Resources */ = {isa = PBXBuildFile; fileRef = 547864FC1E5849A7003A4CF4 /* GoogleService-Info.plist */; };
		549A481B1E5852BD00F1AA7A /* UserModel.swift in Sources */ = {isa = PBXBuildFile; fileRef = 549A481A1E5852BD00F1AA7A /* UserModel.swift */; };
		549A481D1E585A0500F1AA7A /* CheckInModel.swift in Sources */ = {isa = PBXBuildFile; fileRef = 549A481C1E585A0500F1AA7A /* CheckInModel.swift */; };
		54D694791E581A230045D46E /* AppDelegate.swift in Sources */ = {isa = PBXBuildFile; fileRef = 54D694781E581A230045D46E /* AppDelegate.swift */; };
		54D6947B1E581A230045D46E /* ViewController.swift in Sources */ = {isa = PBXBuildFile; fileRef = 54D6947A1E581A230045D46E /* ViewController.swift */; };
		54D6947E1E581A230045D46E /* Main.storyboard in Resources */ = {isa = PBXBuildFile; fileRef = 54D6947C1E581A230045D46E /* Main.storyboard */; };
		54D694801E581A230045D46E /* Assets.xcassets in Resources */ = {isa = PBXBuildFile; fileRef = 54D6947F1E581A230045D46E /* Assets.xcassets */; };
		54D694831E581A230045D46E /* LaunchScreen.storyboard in Resources */ = {isa = PBXBuildFile; fileRef = 54D694811E581A230045D46E /* LaunchScreen.storyboard */; };
		54E08D431E5829010054AFDC /* HomeScreenViewController.swift in Sources */ = {isa = PBXBuildFile; fileRef = 54E08D421E5829010054AFDC /* HomeScreenViewController.swift */; };
		ED8B544F93C76E65A18E218E /* Pods_FacebookLoginDemo.framework in Frameworks */ = {isa = PBXBuildFile; fileRef = ADC532017083FDB4EF3709E7 /* Pods_FacebookLoginDemo.framework */; };
/* End PBXBuildFile section */

/* Begin PBXFileReference section */
		547864FC1E5849A7003A4CF4 /* GoogleService-Info.plist */ = {isa = PBXFileReference; fileEncoding = 4; lastKnownFileType = text.plist.xml; path = "GoogleService-Info.plist"; sourceTree = "<group>"; };
		549A481A1E5852BD00F1AA7A /* UserModel.swift */ = {isa = PBXFileReference; fileEncoding = 4; lastKnownFileType = sourcecode.swift; path = UserModel.swift; sourceTree = "<group>"; };
		549A481C1E585A0500F1AA7A /* CheckInModel.swift */ = {isa = PBXFileReference; fileEncoding = 4; lastKnownFileType = sourcecode.swift; path = CheckInModel.swift; sourceTree = "<group>"; };
		54D694751E581A230045D46E /* FacebookLoginDemo.app */ = {isa = PBXFileReference; explicitFileType = wrapper.application; includeInIndex = 0; path = FacebookLoginDemo.app; sourceTree = BUILT_PRODUCTS_DIR; };
		54D694781E581A230045D46E /* AppDelegate.swift */ = {isa = PBXFileReference; lastKnownFileType = sourcecode.swift; path = AppDelegate.swift; sourceTree = "<group>"; };
		54D6947A1E581A230045D46E /* ViewController.swift */ = {isa = PBXFileReference; lastKnownFileType = sourcecode.swift; path = ViewController.swift; sourceTree = "<group>"; };
		54D6947D1E581A230045D46E /* Base */ = {isa = PBXFileReference; lastKnownFileType = file.storyboard; name = Base; path = Base.lproj/Main.storyboard; sourceTree = "<group>"; };
		54D6947F1E581A230045D46E /* Assets.xcassets */ = {isa = PBXFileReference; lastKnownFileType = folder.assetcatalog; path = Assets.xcassets; sourceTree = "<group>"; };
		54D694821E581A230045D46E /* Base */ = {isa = PBXFileReference; lastKnownFileType = file.storyboard; name = Base; path = Base.lproj/LaunchScreen.storyboard; sourceTree = "<group>"; };
		54D694841E581A230045D46E /* Info.plist */ = {isa = PBXFileReference; lastKnownFileType = text.plist.xml; path = Info.plist; sourceTree = "<group>"; };
		54E08D411E58209F0054AFDC /* FacebookLoginDemo-Bridging-Header.h */ = {isa = PBXFileReference; fileEncoding = 4; lastKnownFileType = sourcecode.c.h; path = "FacebookLoginDemo-Bridging-Header.h"; sourceTree = "<group>"; };
		54E08D421E5829010054AFDC /* HomeScreenViewController.swift */ = {isa = PBXFileReference; fileEncoding = 4; lastKnownFileType = sourcecode.swift; path = HomeScreenViewController.swift; sourceTree = "<group>"; };
		6A9578A896EABEAE303B27BF /* Pods-FacebookLoginDemo.debug.xcconfig */ = {isa = PBXFileReference; includeInIndex = 1; lastKnownFileType = text.xcconfig; name = "Pods-FacebookLoginDemo.debug.xcconfig"; path = "Pods/Target Support Files/Pods-FacebookLoginDemo/Pods-FacebookLoginDemo.debug.xcconfig"; sourceTree = "<group>"; };
		ADC532017083FDB4EF3709E7 /* Pods_FacebookLoginDemo.framework */ = {isa = PBXFileReference; explicitFileType = wrapper.framework; includeInIndex = 0; path = Pods_FacebookLoginDemo.framework; sourceTree = BUILT_PRODUCTS_DIR; };
		D15671CBDF61C842DA856411 /* Pods-FacebookLoginDemo.release.xcconfig */ = {isa = PBXFileReference; includeInIndex = 1; lastKnownFileType = text.xcconfig; name = "Pods-FacebookLoginDemo.release.xcconfig"; path = "Pods/Target Support Files/Pods-FacebookLoginDemo/Pods-FacebookLoginDemo.release.xcconfig"; sourceTree = "<group>"; };
/* End PBXFileReference section */

/* Begin PBXFrameworksBuildPhase section */
		54D694721E581A220045D46E /* Frameworks */ = {
			isa = PBXFrameworksBuildPhase;
			buildActionMask = 2147483647;
			files = (
				ED8B544F93C76E65A18E218E /* Pods_FacebookLoginDemo.framework in Frameworks */,
			);
			runOnlyForDeploymentPostprocessing = 0;
		};
/* End PBXFrameworksBuildPhase section */

/* Begin PBXGroup section */
		54D6946C1E581A220045D46E = {
			isa = PBXGroup;
			children = (
				54D694771E581A230045D46E /* FacebookLoginDemo */,
				54D694761E581A230045D46E /* Products */,
				5AE3F94A6AB04BD0025B7BB7 /* Pods */,
				E5F62A1EC561D6CAC2EA3683 /* Frameworks */,
			);
			sourceTree = "<group>";
		};
		54D694761E581A230045D46E /* Products */ = {
			isa = PBXGroup;
			children = (
				54D694751E581A230045D46E /* FacebookLoginDemo.app */,
			);
			name = Products;
			sourceTree = "<group>";
		};
		54D694771E581A230045D46E /* FacebookLoginDemo */ = {
			isa = PBXGroup;
			children = (
				54D694781E581A230045D46E /* AppDelegate.swift */,
				54D6947A1E581A230045D46E /* ViewController.swift */,
				549A481A1E5852BD00F1AA7A /* UserModel.swift */,
				549A481C1E585A0500F1AA7A /* CheckInModel.swift */,
				54E08D421E5829010054AFDC /* HomeScreenViewController.swift */,
				54D6947C1E581A230045D46E /* Main.storyboard */,
				54D6947F1E581A230045D46E /* Assets.xcassets */,
				54D694811E581A230045D46E /* LaunchScreen.storyboard */,
				54D694841E581A230045D46E /* Info.plist */,
				547864FC1E5849A7003A4CF4 /* GoogleService-Info.plist */,
				54E08D411E58209F0054AFDC /* FacebookLoginDemo-Bridging-Header.h */,
			);
			path = FacebookLoginDemo;
			sourceTree = "<group>";
		};
		5AE3F94A6AB04BD0025B7BB7 /* Pods */ = {
			isa = PBXGroup;
			children = (
				6A9578A896EABEAE303B27BF /* Pods-FacebookLoginDemo.debug.xcconfig */,
				D15671CBDF61C842DA856411 /* Pods-FacebookLoginDemo.release.xcconfig */,
			);
			name = Pods;
			sourceTree = "<group>";
		};
		E5F62A1EC561D6CAC2EA3683 /* Frameworks */ = {
			isa = PBXGroup;
			children = (
				ADC532017083FDB4EF3709E7 /* Pods_FacebookLoginDemo.framework */,
			);
			name = Frameworks;
			sourceTree = "<group>";
		};
/* End PBXGroup section */

/* Begin PBXNativeTarget section */
		54D694741E581A220045D46E /* FacebookLoginDemo */ = {
			isa = PBXNativeTarget;
			buildConfigurationList = 54D694871E581A230045D46E /* Build configuration list for PBXNativeTarget "FacebookLoginDemo" */;
			buildPhases = (
				6F3A351E7D2FFA3516B0B217 /* [CP] Check Pods Manifest.lock */,
				54D694711E581A220045D46E /* Sources */,
				54D694721E581A220045D46E /* Frameworks */,
				54D694731E581A220045D46E /* Resources */,
				72AFA949BCAAE3B0843FDD98 /* [CP] Embed Pods Frameworks */,
				5B13A8AD8B42E2CF3CEF5D75 /* [CP] Copy Pods Resources */,
			);
			buildRules = (
			);
			dependencies = (
			);
			name = FacebookLoginDemo;
			productName = FacebookLoginDemo;
			productReference = 54D694751E581A230045D46E /* FacebookLoginDemo.app */;
			productType = "com.apple.product-type.application";
		};
/* End PBXNativeTarget section */

/* Begin PBXProject section */
		54D6946D1E581A220045D46E /* Project object */ = {
			isa = PBXProject;
			attributes = {
				LastSwiftUpdateCheck = 0820;
				LastUpgradeCheck = 0820;
				ORGANIZATIONNAME = "Abhinay Varma";
				TargetAttributes = {
					54D694741E581A220045D46E = {
						CreatedOnToolsVersion = 8.2;
						ProvisioningStyle = Automatic;
					};
				};
			};
			buildConfigurationList = 54D694701E581A220045D46E /* Build configuration list for PBXProject "FacebookLoginDemo" */;
			compatibilityVersion = "Xcode 3.2";
			developmentRegion = English;
			hasScannedForEncodings = 0;
			knownRegions = (
				en,
				Base,
			);
			mainGroup = 54D6946C1E581A220045D46E;
			productRefGroup = 54D694761E581A230045D46E /* Products */;
			projectDirPath = "";
			projectRoot = "";
			targets = (
				54D694741E581A220045D46E /* FacebookLoginDemo */,
			);
		};
/* End PBXProject section */

/* Begin PBXResourcesBuildPhase section */
		54D694731E581A220045D46E /* Resources */ = {
			isa = PBXResourcesBuildPhase;
			buildActionMask = 2147483647;
			files = (
				547864FD1E5849A7003A4CF4 /* GoogleService-Info.plist in Resources */,
				54D694831E581A230045D46E /* LaunchScreen.storyboard in Resources */,
				54D694801E581A230045D46E /* Assets.xcassets in Resources */,
				54D6947E1E581A230045D46E /* Main.storyboard in Resources */,
			);
			runOnlyForDeploymentPostprocessing = 0;
		};
/* End PBXResourcesBuildPhase section */

/* Begin PBXShellScriptBuildPhase section */
		5B13A8AD8B42E2CF3CEF5D75 /* [CP] Copy Pods Resources */ = {
			isa = PBXShellScriptBuildPhase;
			buildActionMask = 2147483647;
			files = (
			);
			inputPaths = (
			);
			name = "[CP] Copy Pods Resources";
			outputPaths = (
			);
			runOnlyForDeploymentPostprocessing = 0;
			shellPath = /bin/sh;
			shellScript = "\"${SRCROOT}/Pods/Target Support Files/Pods-FacebookLoginDemo/Pods-FacebookLoginDemo-resources.sh\"\n";
			showEnvVarsInLog = 0;
		};
		6F3A351E7D2FFA3516B0B217 /* [CP] Check Pods Manifest.lock */ = {
			isa = PBXShellScriptBuildPhase;
			buildActionMask = 2147483647;
			files = (
			);
			inputPaths = (
			);
			name = "[CP] Check Pods Manifest.lock";
			outputPaths = (
			);
			runOnlyForDeploymentPostprocessing = 0;
			shellPath = /bin/sh;
			shellScript = "diff \"${PODS_ROOT}/../Podfile.lock\" \"${PODS_ROOT}/Manifest.lock\" > /dev/null\nif [ $? != 0 ] ; then\n    # print error to STDERR\n    echo \"error: The sandbox is not in sync with the Podfile.lock. Run 'pod install' or update your CocoaPods installation.\" >&2\n    exit 1\nfi\n";
			showEnvVarsInLog = 0;
		};
		72AFA949BCAAE3B0843FDD98 /* [CP] Embed Pods Frameworks */ = {
			isa = PBXShellScriptBuildPhase;
			buildActionMask = 2147483647;
			files = (
			);
			inputPaths = (
			);
			name = "[CP] Embed Pods Frameworks";
			outputPaths = (
			);
			runOnlyForDeploymentPostprocessing = 0;
			shellPath = /bin/sh;
			shellScript = "\"${SRCROOT}/Pods/Target Support Files/Pods-FacebookLoginDemo/Pods-FacebookLoginDemo-frameworks.sh\"\n";
			showEnvVarsInLog = 0;
		};
/* End PBXShellScriptBuildPhase section */

/* Begin PBXSourcesBuildPhase section */
		54D694711E581A220045D46E /* Sources */ = {
			isa = PBXSourcesBuildPhase;
			buildActionMask = 2147483647;
			files = (
				54D6947B1E581A230045D46E /* ViewController.swift in Sources */,
				54D694791E581A230045D46E /* AppDelegate.swift in Sources */,
				549A481D1E585A0500F1AA7A /* CheckInModel.swift in Sources */,
				549A481B1E5852BD00F1AA7A /* UserModel.swift in Sources */,
				54E08D431E5829010054AFDC /* HomeScreenViewController.swift in Sources */,
			);
			runOnlyForDeploymentPostprocessing = 0;
		};
/* End PBXSourcesBuildPhase section */

/* Begin PBXVariantGroup section */
		54D6947C1E581A230045D46E /* Main.storyboard */ = {
			isa = PBXVariantGroup;
			children = (
				54D6947D1E581A230045D46E /* Base */,
			);
			name = Main.storyboard;
			sourceTree = "<group>";
		};
		54D694811E581A230045D46E /* LaunchScreen.storyboard */ = {
			isa = PBXVariantGroup;
			children = (
				54D694821E581A230045D46E /* Base */,
			);
			name = LaunchScreen.storyboard;
			sourceTree = "<group>";
		};
/* End PBXVariantGroup section */

/* Begin XCBuildConfiguration section */
		54D694851E581A230045D46E /* Debug */ = {
			isa = XCBuildConfiguration;
			buildSettings = {
				ALWAYS_SEARCH_USER_PATHS = NO;
				CLANG_ANALYZER_NONNULL = YES;
				CLANG_CXX_LANGUAGE_STANDARD = "gnu++0x";
				CLANG_CXX_LIBRARY = "libc++";
				CLANG_ENABLE_MODULES = YES;
				CLANG_ENABLE_OBJC_ARC = YES;
				CLANG_WARN_BOOL_CONVERSION = YES;
				CLANG_WARN_CONSTANT_CONVERSION = YES;
				CLANG_WARN_DIRECT_OBJC_ISA_USAGE = YES_ERROR;
				CLANG_WARN_DOCUMENTATION_COMMENTS = YES;
				CLANG_WARN_EMPTY_BODY = YES;
				CLANG_WARN_ENUM_CONVERSION = YES;
				CLANG_WARN_INFINITE_RECURSION = YES;
				CLANG_WARN_INT_CONVERSION = YES;
				CLANG_WARN_OBJC_ROOT_CLASS = YES_ERROR;
				CLANG_WARN_SUSPICIOUS_MOVE = YES;
				CLANG_WARN_UNREACHABLE_CODE = YES;
				CLANG_WARN__DUPLICATE_METHOD_MATCH = YES;
				"CODE_SIGN_IDENTITY[sdk=iphoneos*]" = "iPhone Developer";
				COPY_PHASE_STRIP = NO;
				DEBUG_INFORMATION_FORMAT = dwarf;
				ENABLE_STRICT_OBJC_MSGSEND = YES;
				ENABLE_TESTABILITY = YES;
				GCC_C_LANGUAGE_STANDARD = gnu99;
				GCC_DYNAMIC_NO_PIC = NO;
				GCC_NO_COMMON_BLOCKS = YES;
				GCC_OPTIMIZATION_LEVEL = 0;
				GCC_PREPROCESSOR_DEFINITIONS = (
					"DEBUG=1",
					"$(inherited)",
				);
				GCC_WARN_64_TO_32_BIT_CONVERSION = YES;
				GCC_WARN_ABOUT_RETURN_TYPE = YES_ERROR;
				GCC_WARN_UNDECLARED_SELECTOR = YES;
				GCC_WARN_UNINITIALIZED_AUTOS = YES_AGGRESSIVE;
				GCC_WARN_UNUSED_FUNCTION = YES;
				GCC_WARN_UNUSED_VARIABLE = YES;
				IPHONEOS_DEPLOYMENT_TARGET = 10.2;
				MTL_ENABLE_DEBUG_INFO = YES;
				ONLY_ACTIVE_ARCH = YES;
				SDKROOT = iphoneos;
				SWIFT_ACTIVE_COMPILATION_CONDITIONS = DEBUG;
				SWIFT_OPTIMIZATION_LEVEL = "-Onone";
				TARGETED_DEVICE_FAMILY = "1,2";
			};
			name = Debug;
		};
		54D694861E581A230045D46E /* Release */ = {
			isa = XCBuildConfiguration;
			buildSettings = {
				ALWAYS_SEARCH_USER_PATHS = NO;
				CLANG_ANALYZER_NONNULL = YES;
				CLANG_CXX_LANGUAGE_STANDARD = "gnu++0x";
				CLANG_CXX_LIBRARY = "libc++";
				CLANG_ENABLE_MODULES = YES;
				CLANG_ENABLE_OBJC_ARC = YES;
				CLANG_WARN_BOOL_CONVERSION = YES;
				CLANG_WARN_CONSTANT_CONVERSION = YES;
				CLANG_WARN_DIRECT_OBJC_ISA_USAGE = YES_ERROR;
				CLANG_WARN_DOCUMENTATION_COMMENTS = YES;
				CLANG_WARN_EMPTY_BODY = YES;
				CLANG_WARN_ENUM_CONVERSION = YES;
				CLANG_WARN_INFINITE_RECURSION = YES;
				CLANG_WARN_INT_CONVERSION = YES;
				CLANG_WARN_OBJC_ROOT_CLASS = YES_ERROR;
				CLANG_WARN_SUSPICIOUS_MOVE = YES;
				CLANG_WARN_UNREACHABLE_CODE = YES;
				CLANG_WARN__DUPLICATE_METHOD_MATCH = YES;
				"CODE_SIGN_IDENTITY[sdk=iphoneos*]" = "iPhone Developer";
				COPY_PHASE_STRIP = NO;
				DEBUG_INFORMATION_FORMAT = "dwarf-with-dsym";
				ENABLE_NS_ASSERTIONS = NO;
				ENABLE_STRICT_OBJC_MSGSEND = YES;
				GCC_C_LANGUAGE_STANDARD = gnu99;
				GCC_NO_COMMON_BLOCKS = YES;
				GCC_WARN_64_TO_32_BIT_CONVERSION = YES;
				GCC_WARN_ABOUT_RETURN_TYPE = YES_ERROR;
				GCC_WARN_UNDECLARED_SELECTOR = YES;
				GCC_WARN_UNINITIALIZED_AUTOS = YES_AGGRESSIVE;
				GCC_WARN_UNUSED_FUNCTION = YES;
				GCC_WARN_UNUSED_VARIABLE = YES;
				IPHONEOS_DEPLOYMENT_TARGET = 10.2;
				MTL_ENABLE_DEBUG_INFO = NO;
				SDKROOT = iphoneos;
				SWIFT_OPTIMIZATION_LEVEL = "-Owholemodule";
				TARGETED_DEVICE_FAMILY = "1,2";
				VALIDATE_PRODUCT = YES;
			};
			name = Release;
		};
		54D694881E581A230045D46E /* Debug */ = {
			isa = XCBuildConfiguration;
			baseConfigurationReference = 6A9578A896EABEAE303B27BF /* Pods-FacebookLoginDemo.debug.xcconfig */;
			buildSettings = {
				ASSETCATALOG_COMPILER_APPICON_NAME = AppIcon;
				INFOPLIST_FILE = FacebookLoginDemo/Info.plist;
				IPHONEOS_DEPLOYMENT_TARGET = 9.0;
				LD_RUNPATH_SEARCH_PATHS = "$(inherited) @executable_path/Frameworks";
				PRODUCT_BUNDLE_IDENTIFIER = purplehawk.abhinay.FacebookLoginDemo;
				PRODUCT_NAME = "$(TARGET_NAME)";
				SWIFT_VERSION = 3.0;
			};
			name = Debug;
		};
		54D694891E581A230045D46E /* Release */ = {
			isa = XCBuildConfiguration;
			baseConfigurationReference = D15671CBDF61C842DA856411 /* Pods-FacebookLoginDemo.release.xcconfig */;
			buildSettings = {
				ASSETCATALOG_COMPILER_APPICON_NAME = AppIcon;
				INFOPLIST_FILE = FacebookLoginDemo/Info.plist;
				IPHONEOS_DEPLOYMENT_TARGET = 9.0;
				LD_RUNPATH_SEARCH_PATHS = "$(inherited) @executable_path/Frameworks";
				PRODUCT_BUNDLE_IDENTIFIER = purplehawk.abhinay.FacebookLoginDemo;
				PRODUCT_NAME = "$(TARGET_NAME)";
				SWIFT_VERSION = 3.0;
			};
			name = Release;
		};
/* End XCBuildConfiguration section */

/* Begin XCConfigurationList section */
		54D694701E581A220045D46E /* Build configuration list for PBXProject "FacebookLoginDemo" */ = {
			isa = XCConfigurationList;
			buildConfigurations = (
				54D694851E581A230045D46E /* Debug */,
				54D694861E581A230045D46E /* Release */,
			);
			defaultConfigurationIsVisible = 0;
			defaultConfigurationName = Release;
		};
		54D694871E581A230045D46E /* Build configuration list for PBXNativeTarget "FacebookLoginDemo" */ = {
			isa = XCConfigurationList;
			buildConfigurations = (
				54D694881E581A230045D46E /* Debug */,
				54D694891E581A230045D46E /* Release */,
			);
			defaultConfigurationIsVisible = 0;
			defaultConfigurationName = Release;
		};
/* End XCConfigurationList section */
	};
	rootObject = 54D6946D1E581A220045D46E /* Project object */;
}
